
Microsoft Visual Studio Solution File, Format Version 12.00
# Visual Studio Version 16
VisualStudioVersion = 16.0.29009.5
MinimumVisualStudioVersion = 10.0.40219.1
Project("{FAE04EC0-301F-11D3-BF4B-00C04F79EFBC}") = "QuanLyNhaTro", "test2\QuanLyNhaTro.csproj", "{547152D3-86A0-4E09-85D0-9C339BEA73EF}"
EndProject
Global
	GlobalSection(SolutionConfigurationPlatforms) = preSolution
		Debug|Any CPU = Debug|Any CPU
		Release|Any CPU = Release|Any CPU
	EndGlobalSection
	GlobalSection(ProjectConfigurationPlatforms) = postSolution
		{547152D3-86A0-4E09-85D0-9C339BEA73EF}.Debug|Any CPU.ActiveCfg = Debug|Any CPU
		{547152D3-86A0-4E09-85D0-9C339BEA73EF}.Debug|Any CPU.Build.0 = Debug|Any CPU
		{547152D3-86A0-4E09-85D0-9C339BEA73EF}.Release|Any CPU.ActiveCfg = Release|Any CPU
		{547152D3-86A0-4E09-85D0-9C339BEA73EF}.Release|Any CPU.Build.0 = Release|Any CPU
	EndGlobalSection
	GlobalSection(SolutionProperties) = preSolution
		HideSolutionNode = FALSE
	EndGlobalSection
	GlobalSection(ExtensibilityGlobals) = postSolution
		SolutionGuid = {3A5A7564-CB33-49F1-A23B-743B5A5DCE82}
	EndGlobalSection
EndGlobal
